
Microsoft Visual Studio Solution File, Format Version 12.00
# Visual Studio Version 17
VisualStudioVersion = 17.3.32922.545
MinimumVisualStudioVersion = 10.0.40219.1
Project("{FAE04EC0-301F-11D3-BF4B-00C04F79EFBC}") = "WebApplication1", "WebApplication1\WebApplication1.csproj", "{975B67BB-97FC-4A60-99F8-67FE486A11D8}"
EndProject
Global
	GlobalSection(SolutionConfigurationPlatforms) = preSolution
		Debug|Any CPU = Debug|Any CPU
		Release|Any CPU = Release|Any CPU
	EndGlobalSection
	GlobalSection(ProjectConfigurationPlatforms) = postSolution
		{975B67BB-97FC-4A60-99F8-67FE486A11D8}.Debug|Any CPU.ActiveCfg = Debug|Any CPU
		{975B67BB-97FC-4A60-99F8-67FE486A11D8}.Debug|Any CPU.Build.0 = Debug|Any CPU
		{975B67BB-97FC-4A60-99F8-67FE486A11D8}.Release|Any CPU.ActiveCfg = Release|Any CPU
		{975B67BB-97FC-4A60-99F8-67FE486A11D8}.Release|Any CPU.Build.0 = Release|Any CPU
	EndGlobalSection
	GlobalSection(SolutionProperties) = preSolution
		HideSolutionNode = FALSE
	EndGlobalSection
	GlobalSection(ExtensibilityGlobals) = postSolution
		SolutionGuid = {3E03D271-1BB1-4018-832B-1E4E53D8B760}
	EndGlobalSection
EndGlobal
